// !$*UTF8*$!
{
	archiveVersion = 1;
	classes = {
	};
	objectVersion = 50;
	objects = {

/* Begin PBXBuildFile section */
		A4E3CBE6228D0F4400180F09 /* AppDelegate.swift in Sources */ = {isa = PBXBuildFile; fileRef = A4E3CBE5228D0F4400180F09 /* AppDelegate.swift */; };
		A4E3CBE8228D0F4400180F09 /* ViewController.swift in Sources */ = {isa = PBXBuildFile; fileRef = A4E3CBE7228D0F4400180F09 /* ViewController.swift */; };
		A4E3CBEB228D0F4400180F09 /* Main.storyboard in Resources */ = {isa = PBXBuildFile; fileRef = A4E3CBE9228D0F4400180F09 /* Main.storyboard */; };
		A4E3CBED228D0F4500180F09 /* Assets.xcassets in Resources */ = {isa = PBXBuildFile; fileRef = A4E3CBEC228D0F4500180F09 /* Assets.xcassets */; };
		A4E3CBF0228D0F4500180F09 /* LaunchScreen.storyboard in Resources */ = {isa = PBXBuildFile; fileRef = A4E3CBEE228D0F4500180F09 /* LaunchScreen.storyboard */; };
		A4E3CBFB228D0F4600180F09 /* Troc_LivresTests.swift in Sources */ = {isa = PBXBuildFile; fileRef = A4E3CBFA228D0F4600180F09 /* Troc_LivresTests.swift */; };
/* End PBXBuildFile section */

/* Begin PBXContainerItemProxy section */
		A4E3CBF7228D0F4600180F09 /* PBXContainerItemProxy */ = {
			isa = PBXContainerItemProxy;
			containerPortal = A4E3CBDA228D0F4400180F09 /* Project object */;
			proxyType = 1;
			remoteGlobalIDString = A4E3CBE1228D0F4400180F09;
			remoteInfo = "Troc Livres";
		};
/* End PBXContainerItemProxy section */

/* Begin PBXFileReference section */
		A4E3CBE2228D0F4400180F09 /* Troc Livres.app */ = {isa = PBXFileReference; explicitFileType = wrapper.application; includeInIndex = 0; path = "Troc Livres.app"; sourceTree = BUILT_PRODUCTS_DIR; };
		A4E3CBE5228D0F4400180F09 /* AppDelegate.swift */ = {isa = PBXFileReference; lastKnownFileType = sourcecode.swift; path = AppDelegate.swift; sourceTree = "<group>"; };
		A4E3CBE7228D0F4400180F09 /* ViewController.swift */ = {isa = PBXFileReference; lastKnownFileType = sourcecode.swift; path = ViewController.swift; sourceTree = "<group>"; };
		A4E3CBEA228D0F4400180F09 /* Base */ = {isa = PBXFileReference; lastKnownFileType = file.storyboard; name = Base; path = Base.lproj/Main.storyboard; sourceTree = "<group>"; };
		A4E3CBEC228D0F4500180F09 /* Assets.xcassets */ = {isa = PBXFileReference; lastKnownFileType = folder.assetcatalog; path = Assets.xcassets; sourceTree = "<group>"; };
		A4E3CBEF228D0F4500180F09 /* Base */ = {isa = PBXFileReference; lastKnownFileType = file.storyboard; name = Base; path = Base.lproj/LaunchScreen.storyboard; sourceTree = "<group>"; };
		A4E3CBF1228D0F4500180F09 /* Info.plist */ = {isa = PBXFileReference; lastKnownFileType = text.plist.xml; path = Info.plist; sourceTree = "<group>"; };
		A4E3CBF6228D0F4600180F09 /* Troc LivresTests.xctest */ = {isa = PBXFileReference; explicitFileType = wrapper.cfbundle; includeInIndex = 0; path = "Troc LivresTests.xctest"; sourceTree = BUILT_PRODUCTS_DIR; };
		A4E3CBFA228D0F4600180F09 /* Troc_LivresTests.swift */ = {isa = PBXFileReference; lastKnownFileType = sourcecode.swift; path = Troc_LivresTests.swift; sourceTree = "<group>"; };
		A4E3CBFC228D0F4600180F09 /* Info.plist */ = {isa = PBXFileReference; lastKnownFileType = text.plist.xml; path = Info.plist; sourceTree = "<group>"; };
/* End PBXFileReference section */

/* Begin PBXFrameworksBuildPhase section */
		A4E3CBDF228D0F4400180F09 /* Frameworks */ = {
			isa = PBXFrameworksBuildPhase;
			buildActionMask = 2147483647;
			files = (
			);
			runOnlyForDeploymentPostprocessing = 0;
		};
		A4E3CBF3228D0F4600180F09 /* Frameworks */ = {
			isa = PBXFrameworksBuildPhase;
			buildActionMask = 2147483647;
			files = (
			);
			runOnlyForDeploymentPostprocessing = 0;
		};
/* End PBXFrameworksBuildPhase section */

/* Begin PBXGroup section */
		A4E3CBD9228D0F4400180F09 = {
			isa = PBXGroup;
			children = (
				A4E3CBE4228D0F4400180F09 /* Troc Livres */,
				A4E3CBF9228D0F4600180F09 /* Troc LivresTests */,
				A4E3CBE3228D0F4400180F09 /* Products */,
			);
			sourceTree = "<group>";
		};
		A4E3CBE3228D0F4400180F09 /* Products */ = {
			isa = PBXGroup;
			children = (
				A4E3CBE2228D0F4400180F09 /* Troc Livres.app */,
				A4E3CBF6228D0F4600180F09 /* Troc LivresTests.xctest */,
			);
			name = Products;
			sourceTree = "<group>";
		};
		A4E3CBE4228D0F4400180F09 /* Troc Livres */ = {
			isa = PBXGroup;
			children = (
				A4E3CBE5228D0F4400180F09 /* AppDelegate.swift */,
				A4E3CBE7228D0F4400180F09 /* ViewController.swift */,
				A4E3CBE9228D0F4400180F09 /* Main.storyboard */,
				A4E3CBEC228D0F4500180F09 /* Assets.xcassets */,
				A4E3CBEE228D0F4500180F09 /* LaunchScreen.storyboard */,
				A4E3CBF1228D0F4500180F09 /* Info.plist */,
			);
			path = "Troc Livres";
			sourceTree = "<group>";
		};
		A4E3CBF9228D0F4600180F09 /* Troc LivresTests */ = {
			isa = PBXGroup;
			children = (
				A4E3CBFA228D0F4600180F09 /* Troc_LivresTests.swift */,
				A4E3CBFC228D0F4600180F09 /* Info.plist */,
			);
			path = "Troc LivresTests";
			sourceTree = "<group>";
		};
/* End PBXGroup section */

/* Begin PBXNativeTarget section */
		A4E3CBE1228D0F4400180F09 /* Troc Livres */ = {
			isa = PBXNativeTarget;
			buildConfigurationList = A4E3CBFF228D0F4600180F09 /* Build configuration list for PBXNativeTarget "Troc Livres" */;
			buildPhases = (
				A4E3CBDE228D0F4400180F09 /* Sources */,
				A4E3CBDF228D0F4400180F09 /* Frameworks */,
				A4E3CBE0228D0F4400180F09 /* Resources */,
			);
			buildRules = (
			);
			dependencies = (
			);
			name = "Troc Livres";
			productName = "Troc Livres";
			productReference = A4E3CBE2228D0F4400180F09 /* Troc Livres.app */;
			productType = "com.apple.product-type.application";
		};
		A4E3CBF5228D0F4600180F09 /* Troc LivresTests */ = {
			isa = PBXNativeTarget;
			buildConfigurationList = A4E3CC02228D0F4600180F09 /* Build configuration list for PBXNativeTarget "Troc LivresTests" */;
			buildPhases = (
				A4E3CBF2228D0F4600180F09 /* Sources */,
				A4E3CBF3228D0F4600180F09 /* Frameworks */,
				A4E3CBF4228D0F4600180F09 /* Resources */,
			);
			buildRules = (
			);
			dependencies = (
				A4E3CBF8228D0F4600180F09 /* PBXTargetDependency */,
			);
			name = "Troc LivresTests";
			productName = "Troc LivresTests";
			productReference = A4E3CBF6228D0F4600180F09 /* Troc LivresTests.xctest */;
			productType = "com.apple.product-type.bundle.unit-test";
		};
/* End PBXNativeTarget section */

/* Begin PBXProject section */
		A4E3CBDA228D0F4400180F09 /* Project object */ = {
			isa = PBXProject;
			attributes = {
				LastSwiftUpdateCheck = 1020;
				LastUpgradeCheck = 1020;
				ORGANIZATIONNAME = "Guillaume Ramey";
				TargetAttributes = {
					A4E3CBE1228D0F4400180F09 = {
						CreatedOnToolsVersion = 10.2.1;
					};
					A4E3CBF5228D0F4600180F09 = {
						CreatedOnToolsVersion = 10.2.1;
						TestTargetID = A4E3CBE1228D0F4400180F09;
					};
				};
			};
			buildConfigurationList = A4E3CBDD228D0F4400180F09 /* Build configuration list for PBXProject "Troc Livres" */;
			compatibilityVersion = "Xcode 9.3";
			developmentRegion = en;
			hasScannedForEncodings = 0;
			knownRegions = (
				en,
				Base,
			);
			mainGroup = A4E3CBD9228D0F4400180F09;
			productRefGroup = A4E3CBE3228D0F4400180F09 /* Products */;
			projectDirPath = "";
			projectRoot = "";
			targets = (
				A4E3CBE1228D0F4400180F09 /* Troc Livres */,
				A4E3CBF5228D0F4600180F09 /* Troc LivresTests */,
			);
		};
/* End PBXProject section */

/* Begin PBXResourcesBuildPhase section */
		A4E3CBE0228D0F4400180F09 /* Resources */ = {
			isa = PBXResourcesBuildPhase;
			buildActionMask = 2147483647;
			files = (
				A4E3CBF0228D0F4500180F09 /* LaunchScreen.storyboard in Resources */,
				A4E3CBED228D0F4500180F09 /* Assets.xcassets in Resources */,
				A4E3CBEB228D0F4400180F09 /* Main.storyboard in Resources */,
			);
			runOnlyForDeploymentPostprocessing = 0;
		};
		A4E3CBF4228D0F4600180F09 /* Resources */ = {
			isa = PBXResourcesBuildPhase;
			buildActionMask = 2147483647;
			files = (
			);
			runOnlyForDeploymentPostprocessing = 0;
		};
/* End PBXResourcesBuildPhase section */

/* Begin PBXSourcesBuildPhase section */
		A4E3CBDE228D0F4400180F09 /* Sources */ = {
			isa = PBXSourcesBuildPhase;
			buildActionMask = 2147483647;
			files = (
				A4E3CBE8228D0F4400180F09 /* ViewController.swift in Sources */,
				A4E3CBE6228D0F4400180F09 /* AppDelegate.swift in Sources */,
			);
			runOnlyForDeploymentPostprocessing = 0;
		};
		A4E3CBF2228D0F4600180F09 /* Sources */ = {
			isa = PBXSourcesBuildPhase;
			buildActionMask = 2147483647;
			files = (
				A4E3CBFB228D0F4600180F09 /* Troc_LivresTests.swift in Sources */,
			);
			runOnlyForDeploymentPostprocessing = 0;
		};
/* End PBXSourcesBuildPhase section */

/* Begin PBXTargetDependency section */
		A4E3CBF8228D0F4600180F09 /* PBXTargetDependency */ = {
			isa = PBXTargetDependency;
			target = A4E3CBE1228D0F4400180F09 /* Troc Livres */;
			targetProxy = A4E3CBF7228D0F4600180F09 /* PBXContainerItemProxy */;
		};
/* End PBXTargetDependency section */

/* Begin PBXVariantGroup section */
		A4E3CBE9228D0F4400180F09 /* Main.storyboard */ = {
			isa = PBXVariantGroup;
			children = (
				A4E3CBEA228D0F4400180F09 /* Base */,
			);
			name = Main.storyboard;
			sourceTree = "<group>";
		};
		A4E3CBEE228D0F4500180F09 /* LaunchScreen.storyboard */ = {
			isa = PBXVariantGroup;
			children = (
				A4E3CBEF228D0F4500180F09 /* Base */,
			);
			name = LaunchScreen.storyboard;
			sourceTree = "<group>";
		};
/* End PBXVariantGroup section */

/* Begin XCBuildConfiguration section */
		A4E3CBFD228D0F4600180F09 /* Debug */ = {
			isa = XCBuildConfiguration;
			buildSettings = {
				ALWAYS_SEARCH_USER_PATHS = NO;
				CLANG_ANALYZER_NONNULL = YES;
				CLANG_ANALYZER_NUMBER_OBJECT_CONVERSION = YES_AGGRESSIVE;
				CLANG_CXX_LANGUAGE_STANDARD = "gnu++14";
				CLANG_CXX_LIBRARY = "libc++";
				CLANG_ENABLE_MODULES = YES;
				CLANG_ENABLE_OBJC_ARC = YES;
				CLANG_ENABLE_OBJC_WEAK = YES;
				CLANG_WARN_BLOCK_CAPTURE_AUTORELEASING = YES;
				CLANG_WARN_BOOL_CONVERSION = YES;
				CLANG_WARN_COMMA = YES;
				CLANG_WARN_CONSTANT_CONVERSION = YES;
				CLANG_WARN_DEPRECATED_OBJC_IMPLEMENTATIONS = YES;
				CLANG_WARN_DIRECT_OBJC_ISA_USAGE = YES_ERROR;
				CLANG_WARN_DOCUMENTATION_COMMENTS = YES;
				CLANG_WARN_EMPTY_BODY = YES;
				CLANG_WARN_ENUM_CONVERSION = YES;
				CLANG_WARN_INFINITE_RECURSION = YES;
				CLANG_WARN_INT_CONVERSION = YES;
				CLANG_WARN_NON_LITERAL_NULL_CONVERSION = YES;
				CLANG_WARN_OBJC_IMPLICIT_RETAIN_SELF = YES;
				CLANG_WARN_OBJC_LITERAL_CONVERSION = YES;
				CLANG_WARN_OBJC_ROOT_CLASS = YES_ERROR;
				CLANG_WARN_RANGE_LOOP_ANALYSIS = YES;
				CLANG_WARN_STRICT_PROTOTYPES = YES;
				CLANG_WARN_SUSPICIOUS_MOVE = YES;
				CLANG_WARN_UNGUARDED_AVAILABILITY = YES_AGGRESSIVE;
				CLANG_WARN_UNREACHABLE_CODE = YES;
				CLANG_WARN__DUPLICATE_METHOD_MATCH = YES;
				CODE_SIGN_IDENTITY = "iPhone Developer";
				COPY_PHASE_STRIP = NO;
				DEBUG_INFORMATION_FORMAT = dwarf;
				ENABLE_STRICT_OBJC_MSGSEND = YES;
				ENABLE_TESTABILITY = YES;
				GCC_C_LANGUAGE_STANDARD = gnu11;
				GCC_DYNAMIC_NO_PIC = NO;
				GCC_NO_COMMON_BLOCKS = YES;
				GCC_OPTIMIZATION_LEVEL = 0;
				GCC_PREPROCESSOR_DEFINITIONS = (
					"DEBUG=1",
					"$(inherited)",
				);
				GCC_WARN_64_TO_32_BIT_CONVERSION = YES;
				GCC_WARN_ABOUT_RETURN_TYPE = YES_ERROR;
				GCC_WARN_UNDECLARED_SELECTOR = YES;
				GCC_WARN_UNINITIALIZED_AUTOS = YES_AGGRESSIVE;
				GCC_WARN_UNUSED_FUNCTION = YES;
				GCC_WARN_UNUSED_VARIABLE = YES;
				IPHONEOS_DEPLOYMENT_TARGET = 12.2;
				MTL_ENABLE_DEBUG_INFO = INCLUDE_SOURCE;
				MTL_FAST_MATH = YES;
				ONLY_ACTIVE_ARCH = YES;
				SDKROOT = iphoneos;
				SWIFT_ACTIVE_COMPILATION_CONDITIONS = DEBUG;
				SWIFT_OPTIMIZATION_LEVEL = "-Onone";
			};
			name = Debug;
		};
		A4E3CBFE228D0F4600180F09 /* Release */ = {
			isa = XCBuildConfiguration;
			buildSettings = {
				ALWAYS_SEARCH_USER_PATHS = NO;
				CLANG_ANALYZER_NONNULL = YES;
				CLANG_ANALYZER_NUMBER_OBJECT_CONVERSION = YES_AGGRESSIVE;
				CLANG_CXX_LANGUAGE_STANDARD = "gnu++14";
				CLANG_CXX_LIBRARY = "libc++";
				CLANG_ENABLE_MODULES = YES;
				CLANG_ENABLE_OBJC_ARC = YES;
				CLANG_ENABLE_OBJC_WEAK = YES;
				CLANG_WARN_BLOCK_CAPTURE_AUTORELEASING = YES;
				CLANG_WARN_BOOL_CONVERSION = YES;
				CLANG_WARN_COMMA = YES;
				CLANG_WARN_CONSTANT_CONVERSION = YES;
				CLANG_WARN_DEPRECATED_OBJC_IMPLEMENTATIONS = YES;
				CLANG_WARN_DIRECT_OBJC_ISA_USAGE = YES_ERROR;
				CLANG_WARN_DOCUMENTATION_COMMENTS = YES;
				CLANG_WARN_EMPTY_BODY = YES;
				CLANG_WARN_ENUM_CONVERSION = YES;
				CLANG_WARN_INFINITE_RECURSION = YES;
				CLANG_WARN_INT_CONVERSION = YES;
				CLANG_WARN_NON_LITERAL_NULL_CONVERSION = YES;
				CLANG_WARN_OBJC_IMPLICIT_RETAIN_SELF = YES;
				CLANG_WARN_OBJC_LITERAL_CONVERSION = YES;
				CLANG_WARN_OBJC_ROOT_CLASS = YES_ERROR;
				CLANG_WARN_RANGE_LOOP_ANALYSIS = YES;
				CLANG_WARN_STRICT_PROTOTYPES = YES;
				CLANG_WARN_SUSPICIOUS_MOVE = YES;
				CLANG_WARN_UNGUARDED_AVAILABILITY = YES_AGGRESSIVE;
				CLANG_WARN_UNREACHABLE_CODE = YES;
				CLANG_WARN__DUPLICATE_METHOD_MATCH = YES;
				CODE_SIGN_IDENTITY = "iPhone Developer";
				COPY_PHASE_STRIP = NO;
				DEBUG_INFORMATION_FORMAT = "dwarf-with-dsym";
				ENABLE_NS_ASSERTIONS = NO;
				ENABLE_STRICT_OBJC_MSGSEND = YES;
				GCC_C_LANGUAGE_STANDARD = gnu11;
				GCC_NO_COMMON_BLOCKS = YES;
				GCC_WARN_64_TO_32_BIT_CONVERSION = YES;
				GCC_WARN_ABOUT_RETURN_TYPE = YES_ERROR;
				GCC_WARN_UNDECLARED_SELECTOR = YES;
				GCC_WARN_UNINITIALIZED_AUTOS = YES_AGGRESSIVE;
				GCC_WARN_UNUSED_FUNCTION = YES;
				GCC_WARN_UNUSED_VARIABLE = YES;
				IPHONEOS_DEPLOYMENT_TARGET = 12.2;
				MTL_ENABLE_DEBUG_INFO = NO;
				MTL_FAST_MATH = YES;
				SDKROOT = iphoneos;
				SWIFT_COMPILATION_MODE = wholemodule;
				SWIFT_OPTIMIZATION_LEVEL = "-O";
				VALIDATE_PRODUCT = YES;
			};
			name = Release;
		};
		A4E3CC00228D0F4600180F09 /* Debug */ = {
			isa = XCBuildConfiguration;
			buildSettings = {
				ASSETCATALOG_COMPILER_APPICON_NAME = AppIcon;
				CODE_SIGN_STYLE = Automatic;
				DEVELOPMENT_TEAM = A53F8H373H;
				INFOPLIST_FILE = "Troc Livres/Info.plist";
				LD_RUNPATH_SEARCH_PATHS = (
					"$(inherited)",
					"@executable_path/Frameworks",
				);
				PRODUCT_BUNDLE_IDENTIFIER = "com.GRapps.Troc-Livres";
				PRODUCT_NAME = "$(TARGET_NAME)";
				SWIFT_VERSION = 5.0;
				TARGETED_DEVICE_FAMILY = "1,2";
			};
			name = Debug;
		};
		A4E3CC01228D0F4600180F09 /* Release */ = {
			isa = XCBuildConfiguration;
			buildSettings = {
				ASSETCATALOG_COMPILER_APPICON_NAME = AppIcon;
				CODE_SIGN_STYLE = Automatic;
				DEVELOPMENT_TEAM = A53F8H373H;
				INFOPLIST_FILE = "Troc Livres/Info.plist";
				LD_RUNPATH_SEARCH_PATHS = (
					"$(inherited)",
					"@executable_path/Frameworks",
				);
				PRODUCT_BUNDLE_IDENTIFIER = "com.GRapps.Troc-Livres";
				PRODUCT_NAME = "$(TARGET_NAME)";
				SWIFT_VERSION = 5.0;
				TARGETED_DEVICE_FAMILY = "1,2";
			};
			name = Release;
		};
		A4E3CC03228D0F4600180F09 /* Debug */ = {
			isa = XCBuildConfiguration;
			buildSettings = {
				ALWAYS_EMBED_SWIFT_STANDARD_LIBRARIES = YES;
				BUNDLE_LOADER = "$(TEST_HOST)";
				CODE_SIGN_STYLE = Automatic;
				DEVELOPMENT_TEAM = A53F8H373H;
				INFOPLIST_FILE = "Troc LivresTests/Info.plist";
				LD_RUNPATH_SEARCH_PATHS = (
					"$(inherited)",
					"@executable_path/Frameworks",
					"@loader_path/Frameworks",
				);
				PRODUCT_BUNDLE_IDENTIFIER = "com.GRapps.Troc-LivresTests";
				PRODUCT_NAME = "$(TARGET_NAME)";
				SWIFT_VERSION = 5.0;
				TARGETED_DEVICE_FAMILY = "1,2";
				TEST_HOST = "$(BUILT_PRODUCTS_DIR)/Troc Livres.app/Troc Livres";
			};
			name = Debug;
		};
		A4E3CC04228D0F4600180F09 /* Release */ = {
			isa = XCBuildConfiguration;
			buildSettings = {
				ALWAYS_EMBED_SWIFT_STANDARD_LIBRARIES = YES;
				BUNDLE_LOADER = "$(TEST_HOST)";
				CODE_SIGN_STYLE = Automatic;
				DEVELOPMENT_TEAM = A53F8H373H;
				INFOPLIST_FILE = "Troc LivresTests/Info.plist";
				LD_RUNPATH_SEARCH_PATHS = (
					"$(inherited)",
					"@executable_path/Frameworks",
					"@loader_path/Frameworks",
				);
				PRODUCT_BUNDLE_IDENTIFIER = "com.GRapps.Troc-LivresTests";
				PRODUCT_NAME = "$(TARGET_NAME)";
				SWIFT_VERSION = 5.0;
				TARGETED_DEVICE_FAMILY = "1,2";
				TEST_HOST = "$(BUILT_PRODUCTS_DIR)/Troc Livres.app/Troc Livres";
			};
			name = Release;
		};
/* End XCBuildConfiguration section */

/* Begin XCConfigurationList section */
		A4E3CBDD228D0F4400180F09 /* Build configuration list for PBXProject "Troc Livres" */ = {
			isa = XCConfigurationList;
			buildConfigurations = (
				A4E3CBFD228D0F4600180F09 /* Debug */,
				A4E3CBFE228D0F4600180F09 /* Release */,
			);
			defaultConfigurationIsVisible = 0;
			defaultConfigurationName = Release;
		};
		A4E3CBFF228D0F4600180F09 /* Build configuration list for PBXNativeTarget "Troc Livres" */ = {
			isa = XCConfigurationList;
			buildConfigurations = (
				A4E3CC00228D0F4600180F09 /* Debug */,
				A4E3CC01228D0F4600180F09 /* Release */,
			);
			defaultConfigurationIsVisible = 0;
			defaultConfigurationName = Release;
		};
		A4E3CC02228D0F4600180F09 /* Build configuration list for PBXNativeTarget "Troc LivresTests" */ = {
			isa = XCConfigurationList;
			buildConfigurations = (
				A4E3CC03228D0F4600180F09 /* Debug */,
				A4E3CC04228D0F4600180F09 /* Release */,
			);
			defaultConfigurationIsVisible = 0;
			defaultConfigurationName = Release;
		};
/* End XCConfigurationList section */
	};
	rootObject = A4E3CBDA228D0F4400180F09 /* Project object */;
}
